// !$*UTF8*$!
{
	archiveVersion = 1;
	classes = {
	};
	objectVersion = 56;
	objects = {

/* Begin PBXBuildFile section */
		9378419F29437F2B002285BA /* _2_ViewModifiersApp.swift in Sources */ = {isa = PBXBuildFile; fileRef = 9378419E29437F2B002285BA /* _2_ViewModifiersApp.swift */; };
		937841A129437F2B002285BA /* ContentView.swift in Sources */ = {isa = PBXBuildFile; fileRef = 937841A029437F2B002285BA /* ContentView.swift */; };
		937841A329437F2D002285BA /* Assets.xcassets in Resources */ = {isa = PBXBuildFile; fileRef = 937841A229437F2D002285BA /* Assets.xcassets */; };
		937841A629437F2D002285BA /* Preview Assets.xcassets in Resources */ = {isa = PBXBuildFile; fileRef = 937841A529437F2D002285BA /* Preview Assets.xcassets */; };
		937841B029437F2D002285BA /* _2_ViewModifiersTests.swift in Sources */ = {isa = PBXBuildFile; fileRef = 937841AF29437F2D002285BA /* _2_ViewModifiersTests.swift */; };
		937841BA29437F2D002285BA /* _2_ViewModifiersUITests.swift in Sources */ = {isa = PBXBuildFile; fileRef = 937841B929437F2D002285BA /* _2_ViewModifiersUITests.swift */; };
		937841BC29437F2D002285BA /* _2_ViewModifiersUITestsLaunchTests.swift in Sources */ = {isa = PBXBuildFile; fileRef = 937841BB29437F2D002285BA /* _2_ViewModifiersUITestsLaunchTests.swift */; };
		937841C929437F87002285BA /* TextView.swift in Sources */ = {isa = PBXBuildFile; fileRef = 937841C829437F87002285BA /* TextView.swift */; };
		937841CB29437FE1002285BA /* ImageView.swift in Sources */ = {isa = PBXBuildFile; fileRef = 937841CA29437FE1002285BA /* ImageView.swift */; };
		937841CD29438089002285BA /* ButtonView.swift in Sources */ = {isa = PBXBuildFile; fileRef = 937841CC29438089002285BA /* ButtonView.swift */; };
/* End PBXBuildFile section */

/* Begin PBXContainerItemProxy section */
		937841AC29437F2D002285BA /* PBXContainerItemProxy */ = {
			isa = PBXContainerItemProxy;
			containerPortal = 9378419329437F2B002285BA /* Project object */;
			proxyType = 1;
			remoteGlobalIDString = 9378419A29437F2B002285BA;
			remoteInfo = "02-ViewModifiers";
		};
		937841B629437F2D002285BA /* PBXContainerItemProxy */ = {
			isa = PBXContainerItemProxy;
			containerPortal = 9378419329437F2B002285BA /* Project object */;
			proxyType = 1;
			remoteGlobalIDString = 9378419A29437F2B002285BA;
			remoteInfo = "02-ViewModifiers";
		};
/* End PBXContainerItemProxy section */

/* Begin PBXFileReference section */
		9378419B29437F2B002285BA /* 02-ViewModifiers.app */ = {isa = PBXFileReference; explicitFileType = wrapper.application; includeInIndex = 0; path = "02-ViewModifiers.app"; sourceTree = BUILT_PRODUCTS_DIR; };
		9378419E29437F2B002285BA /* _2_ViewModifiersApp.swift */ = {isa = PBXFileReference; lastKnownFileType = sourcecode.swift; path = _2_ViewModifiersApp.swift; sourceTree = "<group>"; };
		937841A029437F2B002285BA /* ContentView.swift */ = {isa = PBXFileReference; lastKnownFileType = sourcecode.swift; path = ContentView.swift; sourceTree = "<group>"; };
		937841A229437F2D002285BA /* Assets.xcassets */ = {isa = PBXFileReference; lastKnownFileType = folder.assetcatalog; path = Assets.xcassets; sourceTree = "<group>"; };
		937841A529437F2D002285BA /* Preview Assets.xcassets */ = {isa = PBXFileReference; lastKnownFileType = folder.assetcatalog; path = "Preview Assets.xcassets"; sourceTree = "<group>"; };
		937841AB29437F2D002285BA /* 02-ViewModifiersTests.xctest */ = {isa = PBXFileReference; explicitFileType = wrapper.cfbundle; includeInIndex = 0; path = "02-ViewModifiersTests.xctest"; sourceTree = BUILT_PRODUCTS_DIR; };
		937841AF29437F2D002285BA /* _2_ViewModifiersTests.swift */ = {isa = PBXFileReference; lastKnownFileType = sourcecode.swift; path = _2_ViewModifiersTests.swift; sourceTree = "<group>"; };
		937841B529437F2D002285BA /* 02-ViewModifiersUITests.xctest */ = {isa = PBXFileReference; explicitFileType = wrapper.cfbundle; includeInIndex = 0; path = "02-ViewModifiersUITests.xctest"; sourceTree = BUILT_PRODUCTS_DIR; };
		937841B929437F2D002285BA /* _2_ViewModifiersUITests.swift */ = {isa = PBXFileReference; lastKnownFileType = sourcecode.swift; path = _2_ViewModifiersUITests.swift; sourceTree = "<group>"; };
		937841BB29437F2D002285BA /* _2_ViewModifiersUITestsLaunchTests.swift */ = {isa = PBXFileReference; lastKnownFileType = sourcecode.swift; path = _2_ViewModifiersUITestsLaunchTests.swift; sourceTree = "<group>"; };
		937841C829437F87002285BA /* TextView.swift */ = {isa = PBXFileReference; lastKnownFileType = sourcecode.swift; path = TextView.swift; sourceTree = "<group>"; };
		937841CA29437FE1002285BA /* ImageView.swift */ = {isa = PBXFileReference; lastKnownFileType = sourcecode.swift; path = ImageView.swift; sourceTree = "<group>"; };
		937841CC29438089002285BA /* ButtonView.swift */ = {isa = PBXFileReference; lastKnownFileType = sourcecode.swift; path = ButtonView.swift; sourceTree = "<group>"; };
/* End PBXFileReference section */

/* Begin PBXFrameworksBuildPhase section */
		9378419829437F2B002285BA /* Frameworks */ = {
			isa = PBXFrameworksBuildPhase;
			buildActionMask = 2147483647;
			files = (
			);
			runOnlyForDeploymentPostprocessing = 0;
		};
		937841A829437F2D002285BA /* Frameworks */ = {
			isa = PBXFrameworksBuildPhase;
			buildActionMask = 2147483647;
			files = (
			);
			runOnlyForDeploymentPostprocessing = 0;
		};
		937841B229437F2D002285BA /* Frameworks */ = {
			isa = PBXFrameworksBuildPhase;
			buildActionMask = 2147483647;
			files = (
			);
			runOnlyForDeploymentPostprocessing = 0;
		};
/* End PBXFrameworksBuildPhase section */

/* Begin PBXGroup section */
		9378419229437F2B002285BA = {
			isa = PBXGroup;
			children = (
				9378419D29437F2B002285BA /* 02-ViewModifiers */,
				937841AE29437F2D002285BA /* 02-ViewModifiersTests */,
				937841B829437F2D002285BA /* 02-ViewModifiersUITests */,
				9378419C29437F2B002285BA /* Products */,
			);
			sourceTree = "<group>";
		};
		9378419C29437F2B002285BA /* Products */ = {
			isa = PBXGroup;
			children = (
				9378419B29437F2B002285BA /* 02-ViewModifiers.app */,
				937841AB29437F2D002285BA /* 02-ViewModifiersTests.xctest */,
				937841B529437F2D002285BA /* 02-ViewModifiersUITests.xctest */,
			);
			name = Products;
			sourceTree = "<group>";
		};
		9378419D29437F2B002285BA /* 02-ViewModifiers */ = {
			isa = PBXGroup;
			children = (
				9378419E29437F2B002285BA /* _2_ViewModifiersApp.swift */,
				937841A029437F2B002285BA /* ContentView.swift */,
				937841C829437F87002285BA /* TextView.swift */,
				937841CA29437FE1002285BA /* ImageView.swift */,
				937841CC29438089002285BA /* ButtonView.swift */,
				937841A229437F2D002285BA /* Assets.xcassets */,
				937841A429437F2D002285BA /* Preview Content */,
			);
			path = "02-ViewModifiers";
			sourceTree = "<group>";
		};
		937841A429437F2D002285BA /* Preview Content */ = {
			isa = PBXGroup;
			children = (
				937841A529437F2D002285BA /* Preview Assets.xcassets */,
			);
			path = "Preview Content";
			sourceTree = "<group>";
		};
		937841AE29437F2D002285BA /* 02-ViewModifiersTests */ = {
			isa = PBXGroup;
			children = (
				937841AF29437F2D002285BA /* _2_ViewModifiersTests.swift */,
			);
			path = "02-ViewModifiersTests";
			sourceTree = "<group>";
		};
		937841B829437F2D002285BA /* 02-ViewModifiersUITests */ = {
			isa = PBXGroup;
			children = (
				937841B929437F2D002285BA /* _2_ViewModifiersUITests.swift */,
				937841BB29437F2D002285BA /* _2_ViewModifiersUITestsLaunchTests.swift */,
			);
			path = "02-ViewModifiersUITests";
			sourceTree = "<group>";
		};
/* End PBXGroup section */

/* Begin PBXNativeTarget section */
		9378419A29437F2B002285BA /* 02-ViewModifiers */ = {
			isa = PBXNativeTarget;
			buildConfigurationList = 937841BF29437F2D002285BA /* Build configuration list for PBXNativeTarget "02-ViewModifiers" */;
			buildPhases = (
				9378419729437F2B002285BA /* Sources */,
				9378419829437F2B002285BA /* Frameworks */,
				9378419929437F2B002285BA /* Resources */,
			);
			buildRules = (
			);
			dependencies = (
			);
			name = "02-ViewModifiers";
			productName = "02-ViewModifiers";
			productReference = 9378419B29437F2B002285BA /* 02-ViewModifiers.app */;
			productType = "com.apple.product-type.application";
		};
		937841AA29437F2D002285BA /* 02-ViewModifiersTests */ = {
			isa = PBXNativeTarget;
			buildConfigurationList = 937841C229437F2D002285BA /* Build configuration list for PBXNativeTarget "02-ViewModifiersTests" */;
			buildPhases = (
				937841A729437F2D002285BA /* Sources */,
				937841A829437F2D002285BA /* Frameworks */,
				937841A929437F2D002285BA /* Resources */,
			);
			buildRules = (
			);
			dependencies = (
				937841AD29437F2D002285BA /* PBXTargetDependency */,
			);
			name = "02-ViewModifiersTests";
			productName = "02-ViewModifiersTests";
			productReference = 937841AB29437F2D002285BA /* 02-ViewModifiersTests.xctest */;
			productType = "com.apple.product-type.bundle.unit-test";
		};
		937841B429437F2D002285BA /* 02-ViewModifiersUITests */ = {
			isa = PBXNativeTarget;
			buildConfigurationList = 937841C529437F2D002285BA /* Build configuration list for PBXNativeTarget "02-ViewModifiersUITests" */;
			buildPhases = (
				937841B129437F2D002285BA /* Sources */,
				937841B229437F2D002285BA /* Frameworks */,
				937841B329437F2D002285BA /* Resources */,
			);
			buildRules = (
			);
			dependencies = (
				937841B729437F2D002285BA /* PBXTargetDependency */,
			);
			name = "02-ViewModifiersUITests";
			productName = "02-ViewModifiersUITests";
			productReference = 937841B529437F2D002285BA /* 02-ViewModifiersUITests.xctest */;
			productType = "com.apple.product-type.bundle.ui-testing";
		};
/* End PBXNativeTarget section */

/* Begin PBXProject section */
		9378419329437F2B002285BA /* Project object */ = {
			isa = PBXProject;
			attributes = {
				BuildIndependentTargetsInParallel = 1;
				LastSwiftUpdateCheck = 1410;
				LastUpgradeCheck = 1410;
				TargetAttributes = {
					9378419A29437F2B002285BA = {
						CreatedOnToolsVersion = 14.1;
					};
					937841AA29437F2D002285BA = {
						CreatedOnToolsVersion = 14.1;
						TestTargetID = 9378419A29437F2B002285BA;
					};
					937841B429437F2D002285BA = {
						CreatedOnToolsVersion = 14.1;
						TestTargetID = 9378419A29437F2B002285BA;
					};
				};
			};
			buildConfigurationList = 9378419629437F2B002285BA /* Build configuration list for PBXProject "02-ViewModifiers" */;
			compatibilityVersion = "Xcode 14.0";
			developmentRegion = en;
			hasScannedForEncodings = 0;
			knownRegions = (
				en,
				Base,
			);
			mainGroup = 9378419229437F2B002285BA;
			productRefGroup = 9378419C29437F2B002285BA /* Products */;
			projectDirPath = "";
			projectRoot = "";
			targets = (
				9378419A29437F2B002285BA /* 02-ViewModifiers */,
				937841AA29437F2D002285BA /* 02-ViewModifiersTests */,
				937841B429437F2D002285BA /* 02-ViewModifiersUITests */,
			);
		};
/* End PBXProject section */

/* Begin PBXResourcesBuildPhase section */
		9378419929437F2B002285BA /* Resources */ = {
			isa = PBXResourcesBuildPhase;
			buildActionMask = 2147483647;
			files = (
				937841A629437F2D002285BA /* Preview Assets.xcassets in Resources */,
				937841A329437F2D002285BA /* Assets.xcassets in Resources */,
			);
			runOnlyForDeploymentPostprocessing = 0;
		};
		937841A929437F2D002285BA /* Resources */ = {
			isa = PBXResourcesBuildPhase;
			buildActionMask = 2147483647;
			files = (
			);
			runOnlyForDeploymentPostprocessing = 0;
		};
		937841B329437F2D002285BA /* Resources */ = {
			isa = PBXResourcesBuildPhase;
			buildActionMask = 2147483647;
			files = (
			);
			runOnlyForDeploymentPostprocessing = 0;
		};
/* End PBXResourcesBuildPhase section */

/* Begin PBXSourcesBuildPhase section */
		9378419729437F2B002285BA /* Sources */ = {
			isa = PBXSourcesBuildPhase;
			buildActionMask = 2147483647;
			files = (
				937841CB29437FE1002285BA /* ImageView.swift in Sources */,
				937841C929437F87002285BA /* TextView.swift in Sources */,
				937841CD29438089002285BA /* ButtonView.swift in Sources */,
				937841A129437F2B002285BA /* ContentView.swift in Sources */,
				9378419F29437F2B002285BA /* _2_ViewModifiersApp.swift in Sources */,
			);
			runOnlyForDeploymentPostprocessing = 0;
		};
		937841A729437F2D002285BA /* Sources */ = {
			isa = PBXSourcesBuildPhase;
			buildActionMask = 2147483647;
			files = (
				937841B029437F2D002285BA /* _2_ViewModifiersTests.swift in Sources */,
			);
			runOnlyForDeploymentPostprocessing = 0;
		};
		937841B129437F2D002285BA /* Sources */ = {
			isa = PBXSourcesBuildPhase;
			buildActionMask = 2147483647;
			files = (
				937841BA29437F2D002285BA /* _2_ViewModifiersUITests.swift in Sources */,
				937841BC29437F2D002285BA /* _2_ViewModifiersUITestsLaunchTests.swift in Sources */,
			);
			runOnlyForDeploymentPostprocessing = 0;
		};
/* End PBXSourcesBuildPhase section */

/* Begin PBXTargetDependency section */
		937841AD29437F2D002285BA /* PBXTargetDependency */ = {
			isa = PBXTargetDependency;
			target = 9378419A29437F2B002285BA /* 02-ViewModifiers */;
			targetProxy = 937841AC29437F2D002285BA /* PBXContainerItemProxy */;
		};
		937841B729437F2D002285BA /* PBXTargetDependency */ = {
			isa = PBXTargetDependency;
			target = 9378419A29437F2B002285BA /* 02-ViewModifiers */;
			targetProxy = 937841B629437F2D002285BA /* PBXContainerItemProxy */;
		};
/* End PBXTargetDependency section */

/* Begin XCBuildConfiguration section */
		937841BD29437F2D002285BA /* Debug */ = {
			isa = XCBuildConfiguration;
			buildSettings = {
				ALWAYS_SEARCH_USER_PATHS = NO;
				CLANG_ANALYZER_NONNULL = YES;
				CLANG_ANALYZER_NUMBER_OBJECT_CONVERSION = YES_AGGRESSIVE;
				CLANG_CXX_LANGUAGE_STANDARD = "gnu++20";
				CLANG_ENABLE_MODULES = YES;
				CLANG_ENABLE_OBJC_ARC = YES;
				CLANG_ENABLE_OBJC_WEAK = YES;
				CLANG_WARN_BLOCK_CAPTURE_AUTORELEASING = YES;
				CLANG_WARN_BOOL_CONVERSION = YES;
				CLANG_WARN_COMMA = YES;
				CLANG_WARN_CONSTANT_CONVERSION = YES;
				CLANG_WARN_DEPRECATED_OBJC_IMPLEMENTATIONS = YES;
				CLANG_WARN_DIRECT_OBJC_ISA_USAGE = YES_ERROR;
				CLANG_WARN_DOCUMENTATION_COMMENTS = YES;
				CLANG_WARN_EMPTY_BODY = YES;
				CLANG_WARN_ENUM_CONVERSION = YES;
				CLANG_WARN_INFINITE_RECURSION = YES;
				CLANG_WARN_INT_CONVERSION = YES;
				CLANG_WARN_NON_LITERAL_NULL_CONVERSION = YES;
				CLANG_WARN_OBJC_IMPLICIT_RETAIN_SELF = YES;
				CLANG_WARN_OBJC_LITERAL_CONVERSION = YES;
				CLANG_WARN_OBJC_ROOT_CLASS = YES_ERROR;
				CLANG_WARN_QUOTED_INCLUDE_IN_FRAMEWORK_HEADER = YES;
				CLANG_WARN_RANGE_LOOP_ANALYSIS = YES;
				CLANG_WARN_STRICT_PROTOTYPES = YES;
				CLANG_WARN_SUSPICIOUS_MOVE = YES;
				CLANG_WARN_UNGUARDED_AVAILABILITY = YES_AGGRESSIVE;
				CLANG_WARN_UNREACHABLE_CODE = YES;
				CLANG_WARN__DUPLICATE_METHOD_MATCH = YES;
				COPY_PHASE_STRIP = NO;
				DEBUG_INFORMATION_FORMAT = dwarf;
				ENABLE_STRICT_OBJC_MSGSEND = YES;
				ENABLE_TESTABILITY = YES;
				GCC_C_LANGUAGE_STANDARD = gnu11;
				GCC_DYNAMIC_NO_PIC = NO;
				GCC_NO_COMMON_BLOCKS = YES;
				GCC_OPTIMIZATION_LEVEL = 0;
				GCC_PREPROCESSOR_DEFINITIONS = (
					"DEBUG=1",
					"$(inherited)",
				);
				GCC_WARN_64_TO_32_BIT_CONVERSION = YES;
				GCC_WARN_ABOUT_RETURN_TYPE = YES_ERROR;
				GCC_WARN_UNDECLARED_SELECTOR = YES;
				GCC_WARN_UNINITIALIZED_AUTOS = YES_AGGRESSIVE;
				GCC_WARN_UNUSED_FUNCTION = YES;
				GCC_WARN_UNUSED_VARIABLE = YES;
				IPHONEOS_DEPLOYMENT_TARGET = 16.1;
				MTL_ENABLE_DEBUG_INFO = INCLUDE_SOURCE;
				MTL_FAST_MATH = YES;
				ONLY_ACTIVE_ARCH = YES;
				SDKROOT = iphoneos;
				SWIFT_ACTIVE_COMPILATION_CONDITIONS = DEBUG;
				SWIFT_OPTIMIZATION_LEVEL = "-Onone";
			};
			name = Debug;
		};
		937841BE29437F2D002285BA /* Release */ = {
			isa = XCBuildConfiguration;
			buildSettings = {
				ALWAYS_SEARCH_USER_PATHS = NO;
				CLANG_ANALYZER_NONNULL = YES;
				CLANG_ANALYZER_NUMBER_OBJECT_CONVERSION = YES_AGGRESSIVE;
				CLANG_CXX_LANGUAGE_STANDARD = "gnu++20";
				CLANG_ENABLE_MODULES = YES;
				CLANG_ENABLE_OBJC_ARC = YES;
				CLANG_ENABLE_OBJC_WEAK = YES;
				CLANG_WARN_BLOCK_CAPTURE_AUTORELEASING = YES;
				CLANG_WARN_BOOL_CONVERSION = YES;
				CLANG_WARN_COMMA = YES;
				CLANG_WARN_CONSTANT_CONVERSION = YES;
				CLANG_WARN_DEPRECATED_OBJC_IMPLEMENTATIONS = YES;
				CLANG_WARN_DIRECT_OBJC_ISA_USAGE = YES_ERROR;
				CLANG_WARN_DOCUMENTATION_COMMENTS = YES;
				CLANG_WARN_EMPTY_BODY = YES;
				CLANG_WARN_ENUM_CONVERSION = YES;
				CLANG_WARN_INFINITE_RECURSION = YES;
				CLANG_WARN_INT_CONVERSION = YES;
				CLANG_WARN_NON_LITERAL_NULL_CONVERSION = YES;
				CLANG_WARN_OBJC_IMPLICIT_RETAIN_SELF = YES;
				CLANG_WARN_OBJC_LITERAL_CONVERSION = YES;
				CLANG_WARN_OBJC_ROOT_CLASS = YES_ERROR;
				CLANG_WARN_QUOTED_INCLUDE_IN_FRAMEWORK_HEADER = YES;
				CLANG_WARN_RANGE_LOOP_ANALYSIS = YES;
				CLANG_WARN_STRICT_PROTOTYPES = YES;
				CLANG_WARN_SUSPICIOUS_MOVE = YES;
				CLANG_WARN_UNGUARDED_AVAILABILITY = YES_AGGRESSIVE;
				CLANG_WARN_UNREACHABLE_CODE = YES;
				CLANG_WARN__DUPLICATE_METHOD_MATCH = YES;
				COPY_PHASE_STRIP = NO;
				DEBUG_INFORMATION_FORMAT = "dwarf-with-dsym";
				ENABLE_NS_ASSERTIONS = NO;
				ENABLE_STRICT_OBJC_MSGSEND = YES;
				GCC_C_LANGUAGE_STANDARD = gnu11;
				GCC_NO_COMMON_BLOCKS = YES;
				GCC_WARN_64_TO_32_BIT_CONVERSION = YES;
				GCC_WARN_ABOUT_RETURN_TYPE = YES_ERROR;
				GCC_WARN_UNDECLARED_SELECTOR = YES;
				GCC_WARN_UNINITIALIZED_AUTOS = YES_AGGRESSIVE;
				GCC_WARN_UNUSED_FUNCTION = YES;
				GCC_WARN_UNUSED_VARIABLE = YES;
				IPHONEOS_DEPLOYMENT_TARGET = 16.1;
				MTL_ENABLE_DEBUG_INFO = NO;
				MTL_FAST_MATH = YES;
				SDKROOT = iphoneos;
				SWIFT_COMPILATION_MODE = wholemodule;
				SWIFT_OPTIMIZATION_LEVEL = "-O";
				VALIDATE_PRODUCT = YES;
			};
			name = Release;
		};
		937841C029437F2D002285BA /* Debug */ = {
			isa = XCBuildConfiguration;
			buildSettings = {
				ASSETCATALOG_COMPILER_APPICON_NAME = AppIcon;
				ASSETCATALOG_COMPILER_GLOBAL_ACCENT_COLOR_NAME = AccentColor;
				CODE_SIGN_STYLE = Automatic;
				CURRENT_PROJECT_VERSION = 1;
				DEVELOPMENT_ASSET_PATHS = "\"02-ViewModifiers/Preview Content\"";
				ENABLE_PREVIEWS = YES;
				GENERATE_INFOPLIST_FILE = YES;
				INFOPLIST_KEY_UIApplicationSceneManifest_Generation = YES;
				INFOPLIST_KEY_UIApplicationSupportsIndirectInputEvents = YES;
				INFOPLIST_KEY_UILaunchScreen_Generation = YES;
				INFOPLIST_KEY_UISupportedInterfaceOrientations_iPad = "UIInterfaceOrientationPortrait UIInterfaceOrientationPortraitUpsideDown UIInterfaceOrientationLandscapeLeft UIInterfaceOrientationLandscapeRight";
				INFOPLIST_KEY_UISupportedInterfaceOrientations_iPhone = "UIInterfaceOrientationPortrait UIInterfaceOrientationLandscapeLeft UIInterfaceOrientationLandscapeRight";
				LD_RUNPATH_SEARCH_PATHS = (
					"$(inherited)",
					"@executable_path/Frameworks",
				);
				MARKETING_VERSION = 1.0;
				PRODUCT_BUNDLE_IDENTIFIER = "com.kmong.-2-ViewModifiers";
				PRODUCT_NAME = "$(TARGET_NAME)";
				SWIFT_EMIT_LOC_STRINGS = YES;
				SWIFT_VERSION = 5.0;
				TARGETED_DEVICE_FAMILY = "1,2";
			};
			name = Debug;
		};
		937841C129437F2D002285BA /* Release */ = {
			isa = XCBuildConfiguration;
			buildSettings = {
				ASSETCATALOG_COMPILER_APPICON_NAME = AppIcon;
				ASSETCATALOG_COMPILER_GLOBAL_ACCENT_COLOR_NAME = AccentColor;
				CODE_SIGN_STYLE = Automatic;
				CURRENT_PROJECT_VERSION = 1;
				DEVELOPMENT_ASSET_PATHS = "\"02-ViewModifiers/Preview Content\"";
				ENABLE_PREVIEWS = YES;
				GENERATE_INFOPLIST_FILE = YES;
				INFOPLIST_KEY_UIApplicationSceneManifest_Generation = YES;
				INFOPLIST_KEY_UIApplicationSupportsIndirectInputEvents = YES;
				INFOPLIST_KEY_UILaunchScreen_Generation = YES;
				INFOPLIST_KEY_UISupportedInterfaceOrientations_iPad = "UIInterfaceOrientationPortrait UIInterfaceOrientationPortraitUpsideDown UIInterfaceOrientationLandscapeLeft UIInterfaceOrientationLandscapeRight";
				INFOPLIST_KEY_UISupportedInterfaceOrientations_iPhone = "UIInterfaceOrientationPortrait UIInterfaceOrientationLandscapeLeft UIInterfaceOrientationLandscapeRight";
				LD_RUNPATH_SEARCH_PATHS = (
					"$(inherited)",
					"@executable_path/Frameworks",
				);
				MARKETING_VERSION = 1.0;
				PRODUCT_BUNDLE_IDENTIFIER = "com.kmong.-2-ViewModifiers";
				PRODUCT_NAME = "$(TARGET_NAME)";
				SWIFT_EMIT_LOC_STRINGS = YES;
				SWIFT_VERSION = 5.0;
				TARGETED_DEVICE_FAMILY = "1,2";
			};
			name = Release;
		};
		937841C329437F2D002285BA /* Debug */ = {
			isa = XCBuildConfiguration;
			buildSettings = {
				ALWAYS_EMBED_SWIFT_STANDARD_LIBRARIES = YES;
				BUNDLE_LOADER = "$(TEST_HOST)";
				CODE_SIGN_STYLE = Automatic;
				CURRENT_PROJECT_VERSION = 1;
				GENERATE_INFOPLIST_FILE = YES;
				IPHONEOS_DEPLOYMENT_TARGET = 16.1;
				MARKETING_VERSION = 1.0;
				PRODUCT_BUNDLE_IDENTIFIER = "com.kmong.-2-ViewModifiersTests";
				PRODUCT_NAME = "$(TARGET_NAME)";
				SWIFT_EMIT_LOC_STRINGS = NO;
				SWIFT_VERSION = 5.0;
				TARGETED_DEVICE_FAMILY = "1,2";
				TEST_HOST = "$(BUILT_PRODUCTS_DIR)/02-ViewModifiers.app/$(BUNDLE_EXECUTABLE_FOLDER_PATH)/02-ViewModifiers";
			};
			name = Debug;
		};
		937841C429437F2D002285BA /* Release */ = {
			isa = XCBuildConfiguration;
			buildSettings = {
				ALWAYS_EMBED_SWIFT_STANDARD_LIBRARIES = YES;
				BUNDLE_LOADER = "$(TEST_HOST)";
				CODE_SIGN_STYLE = Automatic;
				CURRENT_PROJECT_VERSION = 1;
				GENERATE_INFOPLIST_FILE = YES;
				IPHONEOS_DEPLOYMENT_TARGET = 16.1;
				MARKETING_VERSION = 1.0;
				PRODUCT_BUNDLE_IDENTIFIER = "com.kmong.-2-ViewModifiersTests";
				PRODUCT_NAME = "$(TARGET_NAME)";
				SWIFT_EMIT_LOC_STRINGS = NO;
				SWIFT_VERSION = 5.0;
				TARGETED_DEVICE_FAMILY = "1,2";
				TEST_HOST = "$(BUILT_PRODUCTS_DIR)/02-ViewModifiers.app/$(BUNDLE_EXECUTABLE_FOLDER_PATH)/02-ViewModifiers";
			};
			name = Release;
		};
		937841C629437F2D002285BA /* Debug */ = {
			isa = XCBuildConfiguration;
			buildSettings = {
				ALWAYS_EMBED_SWIFT_STANDARD_LIBRARIES = YES;
				CODE_SIGN_STYLE = Automatic;
				CURRENT_PROJECT_VERSION = 1;
				GENERATE_INFOPLIST_FILE = YES;
				MARKETING_VERSION = 1.0;
				PRODUCT_BUNDLE_IDENTIFIER = "com.kmong.-2-ViewModifiersUITests";
				PRODUCT_NAME = "$(TARGET_NAME)";
				SWIFT_EMIT_LOC_STRINGS = NO;
				SWIFT_VERSION = 5.0;
				TARGETED_DEVICE_FAMILY = "1,2";
				TEST_TARGET_NAME = "02-ViewModifiers";
			};
			name = Debug;
		};
		937841C729437F2D002285BA /* Release */ = {
			isa = XCBuildConfiguration;
			buildSettings = {
				ALWAYS_EMBED_SWIFT_STANDARD_LIBRARIES = YES;
				CODE_SIGN_STYLE = Automatic;
				CURRENT_PROJECT_VERSION = 1;
				GENERATE_INFOPLIST_FILE = YES;
				MARKETING_VERSION = 1.0;
				PRODUCT_BUNDLE_IDENTIFIER = "com.kmong.-2-ViewModifiersUITests";
				PRODUCT_NAME = "$(TARGET_NAME)";
				SWIFT_EMIT_LOC_STRINGS = NO;
				SWIFT_VERSION = 5.0;
				TARGETED_DEVICE_FAMILY = "1,2";
				TEST_TARGET_NAME = "02-ViewModifiers";
			};
			name = Release;
		};
/* End XCBuildConfiguration section */

/* Begin XCConfigurationList section */
		9378419629437F2B002285BA /* Build configuration list for PBXProject "02-ViewModifiers" */ = {
			isa = XCConfigurationList;
			buildConfigurations = (
				937841BD29437F2D002285BA /* Debug */,
				937841BE29437F2D002285BA /* Release */,
			);
			defaultConfigurationIsVisible = 0;
			defaultConfigurationName = Release;
		};
		937841BF29437F2D002285BA /* Build configuration list for PBXNativeTarget "02-ViewModifiers" */ = {
			isa = XCConfigurationList;
			buildConfigurations = (
				937841C029437F2D002285BA /* Debug */,
				937841C129437F2D002285BA /* Release */,
			);
			defaultConfigurationIsVisible = 0;
			defaultConfigurationName = Release;
		};
		937841C229437F2D002285BA /* Build configuration list for PBXNativeTarget "02-ViewModifiersTests" */ = {
			isa = XCConfigurationList;
			buildConfigurations = (
				937841C329437F2D002285BA /* Debug */,
				937841C429437F2D002285BA /* Release */,
			);
			defaultConfigurationIsVisible = 0;
			defaultConfigurationName = Release;
		};
		937841C529437F2D002285BA /* Build configuration list for PBXNativeTarget "02-ViewModifiersUITests" */ = {
			isa = XCConfigurationList;
			buildConfigurations = (
				937841C629437F2D002285BA /* Debug */,
				937841C729437F2D002285BA /* Release */,
			);
			defaultConfigurationIsVisible = 0;
			defaultConfigurationName = Release;
		};
/* End XCConfigurationList section */
	};
	rootObject = 9378419329437F2B002285BA /* Project object */;
}
